
Microsoft Visual Studio Solution File, Format Version 12.00
# Visual Studio Version 16
VisualStudioVersion = 16.0.35130.168
MinimumVisualStudioVersion = 10.0.40219.1
Project("{FAE04EC0-301F-11D3-BF4B-00C04F79EFBC}") = "ChatUtilities", "ChatUtilities.csproj", "{276B1A17-7C1F-49D6-B780-D6DBD2FC41CC}"
EndProject
Global
	GlobalSection(SolutionConfigurationPlatforms) = preSolution
		Debug|Any CPU = Debug|Any CPU
		Release|Any CPU = Release|Any CPU
	EndGlobalSection
	GlobalSection(ProjectConfigurationPlatforms) = postSolution
		{276B1A17-7C1F-49D6-B780-D6DBD2FC41CC}.Debug|Any CPU.ActiveCfg = Debug|Any CPU
		{276B1A17-7C1F-49D6-B780-D6DBD2FC41CC}.Debug|Any CPU.Build.0 = Debug|Any CPU
		{276B1A17-7C1F-49D6-B780-D6DBD2FC41CC}.Release|Any CPU.ActiveCfg = Release|Any CPU
		{276B1A17-7C1F-49D6-B780-D6DBD2FC41CC}.Release|Any CPU.Build.0 = Release|Any CPU
	EndGlobalSection
	GlobalSection(SolutionProperties) = preSolution
		HideSolutionNode = FALSE
	EndGlobalSection
	GlobalSection(ExtensibilityGlobals) = postSolution
		SolutionGuid = {C7EA0360-201D-4E78-A093-ABD899F3FCB5}
	EndGlobalSection
EndGlobal
